{
  "object": {
    "pins": [
      {
        "package": "async-http-client",
        "repositoryURL": "https://github.com/swift-server/async-http-client.git",
        "state": {
          "branch": null,
          "revision": "0dda95cffcdf3d96ca551e5701efd1661cf31374",
          "version": "1.2.5"
        }
      },
      {
        "package": "async-kit",
        "repositoryURL": "https://github.com/vapor/async-kit.git",
        "state": {
          "branch": null,
          "revision": "c1de408100a2f2e4ab2ea06512e8635bc1a59144",
          "version": "1.3.1"
        }
      },
      {
        "package": "BSON",
        "repositoryURL": "https://github.com/OpenKitten/BSON.git",
        "state": {
          "branch": null,
          "revision": "a41b4e30e7b7a8afe0261abc7c6ee1d2b363a722",
          "version": "7.0.26"
        }
      },
      {
        "package": "console-kit",
        "repositoryURL": "https://github.com/vapor/console-kit.git",
        "state": {
          "branch": null,
          "revision": "cfe8bcd58f74ffecb4f536d8237de146b634ecd3",
          "version": "4.2.6"
        }
      },
      {
        "package": "feather-sdk",
        "repositoryURL": "https://github.com/feathercms/feather-sdk",
        "state": {
          "branch": null,
          "revision": "d3a2f4d10ead32cb19188cb47e58c42f93acf1dc",
          "version": "1.0.0-beta.1"
        }
      },
      {
        "package": "fluent",
        "repositoryURL": "https://github.com/vapor/fluent",
        "state": {
          "branch": null,
          "revision": "4004e926cdef1fbb937501c8a60554349cced675",
          "version": "4.2.0"
        }
      },
      {
        "package": "fluent-kit",
        "repositoryURL": "https://github.com/vapor/fluent-kit.git",
        "state": {
          "branch": null,
          "revision": "ea23e12404dc3a598dd8f3084650550d2b6b1ac5",
          "version": "1.12.0"
        }
      },
      {
        "package": "fluent-mongo-driver",
        "repositoryURL": "https://github.com/vapor/fluent-mongo-driver.git",
        "state": {
          "branch": null,
          "revision": "ce519013f51439773fe668d6575888665b0e2dda",
          "version": "1.0.2"
        }
      },
      {
        "package": "fluent-mysql-driver",
        "repositoryURL": "https://github.com/vapor/fluent-mysql-driver",
        "state": {
          "branch": null,
          "revision": "699e164880387349bf04c2329fe53097524a5904",
          "version": "4.0.0"
        }
      },
      {
        "package": "fluent-postgres-driver",
        "repositoryURL": "https://github.com/vapor/fluent-postgres-driver",
        "state": {
          "branch": null,
          "revision": "11d4fce0c5d8a027a5d131439c9c94dd3230cb8e",
          "version": "2.1.2"
        }
      },
      {
        "package": "fluent-sqlite-driver",
        "repositoryURL": "https://github.com/vapor/fluent-sqlite-driver",
        "state": {
          "branch": null,
          "revision": "6f29f6f182c812075f09c7575c18ac5535c26824",
          "version": "4.0.1"
        }
      },
      {
        "package": "hook-kit",
        "repositoryURL": "https://github.com/binarybirds/hook-kit",
        "state": {
          "branch": null,
          "revision": "29ef8a262f66b1b840a955727ed96c7d43896682",
          "version": "1.0.0"
        }
      },
      {
        "package": "liquid",
        "repositoryURL": "https://github.com/binarybirds/liquid",
        "state": {
          "branch": null,
          "revision": "40a755fc63a3125a436160838914b7ae91335597",
          "version": "1.2.0"
        }
      },
      {
        "package": "liquid-kit",
        "repositoryURL": "https://github.com/binarybirds/liquid-kit.git",
        "state": {
          "branch": null,
          "revision": "1a765f00acd7743878b871c9841507e85d37c567",
          "version": "1.2.0"
        }
      },
      {
        "package": "liquid-local-driver",
        "repositoryURL": "https://github.com/binarybirds/liquid-local-driver",
        "state": {
          "branch": null,
          "revision": "0a496aad8f8e544e150f2df74db52cbd44f32509",
          "version": "1.2.0"
        }
      },
      {
        "package": "MongoKitten",
        "repositoryURL": "https://github.com/OpenKitten/MongoKitten.git",
        "state": {
          "branch": null,
          "revision": "8a98326aca11c29d87a8bf1538679bb5ad9fd733",
          "version": "6.6.6"
        }
      },
      {
        "package": "multipart-kit",
        "repositoryURL": "https://github.com/vapor/multipart-kit.git",
        "state": {
          "branch": null,
          "revision": "4fcc81d2ce9210a0debceb015a210c2d2eb1da71",
          "version": "4.0.2"
        }
      },
      {
        "package": "mysql-kit",
        "repositoryURL": "https://github.com/vapor/mysql-kit.git",
        "state": {
          "branch": null,
          "revision": "fe836ecd52815ed1399e654b5365c108ff1638fd",
          "version": "4.1.0"
        }
      },
      {
        "package": "mysql-nio",
        "repositoryURL": "https://github.com/vapor/mysql-nio.git",
        "state": {
          "branch": null,
          "revision": "4cbef4c0903c9792ff1f8dc4b55532276fa70c99",
          "version": "1.3.2"
        }
      },
      {
        "package": "DNSClient",
        "repositoryURL": "https://github.com/OpenKitten/NioDNS.git",
        "state": {
          "branch": null,
          "revision": "7517b774d48833f04869fcde668d2f338fadc464",
          "version": "2.0.6"
        }
      },
      {
        "package": "postgres-kit",
        "repositoryURL": "https://github.com/vapor/postgres-kit.git",
        "state": {
          "branch": null,
          "revision": "13f6c735cf9a9053011d03e77e2a81802ad6c680",
          "version": "2.3.0"
        }
      },
      {
        "package": "postgres-nio",
        "repositoryURL": "https://github.com/vapor/postgres-nio.git",
        "state": {
          "branch": null,
          "revision": "33eea144f465a48b17f4c63573c40d33824fdde4",
          "version": "1.5.2"
        }
      },
      {
        "package": "routing-kit",
        "repositoryURL": "https://github.com/vapor/routing-kit.git",
        "state": {
          "branch": null,
          "revision": "dab93b6b90caa6501a2d30f81bad8052c18d97fb",
          "version": "4.2.1"
        }
      },
      {
        "package": "spec",
        "repositoryURL": "https://github.com/binarybirds/spec.git",
        "state": {
          "branch": null,
          "revision": "aecab17649ac83133daa98e54620911773227946",
          "version": "1.2.2"
        }
      },
      {
        "package": "sql-kit",
        "repositoryURL": "https://github.com/vapor/sql-kit.git",
        "state": {
          "branch": null,
          "revision": "07f3fc3b9179fce604a0c1672eaf8502e66a4af4",
          "version": "3.8.2"
        }
      },
      {
        "package": "sqlite-kit",
        "repositoryURL": "https://github.com/vapor/sqlite-kit.git",
        "state": {
          "branch": null,
          "revision": "2ec279b9c845cec254646834b66338551a024561",
          "version": "4.0.2"
        }
      },
      {
        "package": "sqlite-nio",
        "repositoryURL": "https://github.com/vapor/sqlite-nio.git",
        "state": {
          "branch": null,
          "revision": "6481dd0b01112d082dd7eb362782126e81964138",
          "version": "1.1.0"
        }
      },
      {
        "package": "swift-backtrace",
        "repositoryURL": "https://github.com/swift-server/swift-backtrace.git",
        "state": {
          "branch": null,
          "revision": "54a65d6391a1467a896d0d351ff2de6f469ee53c",
          "version": "1.2.3"
        }
      },
      {
        "package": "swift-crypto",
        "repositoryURL": "https://github.com/apple/swift-crypto.git",
        "state": {
          "branch": null,
          "revision": "3bea268b223651c4ab7b7b9ad62ef9b2d4143eb6",
          "version": "1.1.6"
        }
      },
      {
        "package": "swift-log",
        "repositoryURL": "https://github.com/apple/swift-log.git",
        "state": {
          "branch": null,
          "revision": "5d66f7ba25daf4f94100e7022febf3c75e37a6c7",
          "version": "1.4.2"
        }
      },
      {
        "package": "swift-metrics",
        "repositoryURL": "https://github.com/apple/swift-metrics.git",
        "state": {
          "branch": null,
          "revision": "e382458581b05839a571c578e90060fff499f101",
          "version": "2.1.1"
        }
      },
      {
        "package": "swift-nio",
        "repositoryURL": "https://github.com/apple/swift-nio.git",
        "state": {
          "branch": null,
          "revision": "d161bf658780b209c185994528e7e24376cf7283",
          "version": "2.29.0"
        }
      },
      {
        "package": "swift-nio-extras",
        "repositoryURL": "https://github.com/apple/swift-nio-extras.git",
        "state": {
          "branch": null,
          "revision": "de1c80ad1fdff1ba772bcef6b392c3ef735f39a6",
          "version": "1.8.0"
        }
      },
      {
        "package": "swift-nio-http2",
        "repositoryURL": "https://github.com/apple/swift-nio-http2.git",
        "state": {
          "branch": null,
          "revision": "e3e9024a632b40695ad5d3a85f9776a9b27a4bc6",
          "version": "1.17.0"
        }
      },
      {
        "package": "swift-nio-ssl",
        "repositoryURL": "https://github.com/apple/swift-nio-ssl.git",
        "state": {
          "branch": null,
          "revision": "b2f8f353262a554d7f6598c17775c1e28d8a46f1",
          "version": "2.13.0"
        }
      },
      {
        "package": "swift-nio-transport-services",
        "repositoryURL": "https://github.com/apple/swift-nio-transport-services.git",
        "state": {
          "branch": null,
          "revision": "657537c2cf1845f8d5201ecc4e48f21f21841128",
          "version": "1.10.0"
        }
      },
      {
        "package": "tau",
        "repositoryURL": "https://github.com/binarybirds/tau",
        "state": {
          "branch": null,
          "revision": "cd351776d6e7c6877f742e6f29d5707b442bcb1c",
          "version": "1.0.1"
        }
      },
      {
        "package": "tau-kit",
        "repositoryURL": "https://github.com/binarybirds/tau-kit",
        "state": {
          "branch": null,
          "revision": "ab00f65e727de95f5cf195ad982cc57cb6bfcfaa",
          "version": "1.1.6"
        }
      },
      {
        "package": "vapor",
        "repositoryURL": "https://github.com/vapor/vapor",
        "state": {
          "branch": null,
          "revision": "1e1a59542c8cbfe2e800883825c35063f3c36161",
          "version": "4.45.2"
        }
      },
      {
        "package": "vapor-hooks",
        "repositoryURL": "https://github.com/binarybirds/vapor-hooks",
        "state": {
          "branch": null,
          "revision": "d83712795fb6710edc574a703da9d48b60aa564c",
          "version": "1.0.0"
        }
      },
      {
        "package": "websocket-kit",
        "repositoryURL": "https://github.com/vapor/websocket-kit.git",
        "state": {
          "branch": null,
          "revision": "2b06a70dfcfa76a2e5079f60e3ae911511f09db0",
          "version": "2.1.2"
        }
      }
    ]
  },
  "version": 1
}
