{
  "object": {
    "pins": [
      {
        "package": "liquid",
        "repositoryURL": "https://github.com/binarybirds/liquid",
        "state": {
          "branch": null,
          "revision": "865eca0fd64273fd4352c26db6f0019d254102cb",
          "version": "1.3.2"
        }
      },
      {
        "package": "spec",
        "repositoryURL": "https://github.com/binarybirds/spec",
        "state": {
          "branch": null,
          "revision": "aecab17649ac83133daa98e54620911773227946",
          "version": "1.2.2"
        }
      }
    ]
  },
  "version": 1
}
